
Microsoft Visual Studio Solution File, Format Version 12.00
# Visual Studio Version 16
VisualStudioVersion = 16.0.32228.343
MinimumVisualStudioVersion = 10.0.40219.1
Project("{FAE04EC0-301F-11D3-BF4B-00C04F79EFBC}") = "WebView2Demo", "WebView2Demo.csproj", "{BA3459C7-B486-4FC4-9A66-D01F3C16D390}"
EndProject
Global
	GlobalSection(SolutionConfigurationPlatforms) = preSolution
		Debug|Any CPU = Debug|Any CPU
		Release|Any CPU = Release|Any CPU
	EndGlobalSection
	GlobalSection(ProjectConfigurationPlatforms) = postSolution
		{BA3459C7-B486-4FC4-9A66-D01F3C16D390}.Debug|Any CPU.ActiveCfg = Debug|Any CPU
		{BA3459C7-B486-4FC4-9A66-D01F3C16D390}.Debug|Any CPU.Build.0 = Debug|Any CPU
		{BA3459C7-B486-4FC4-9A66-D01F3C16D390}.Release|Any CPU.ActiveCfg = Release|Any CPU
		{BA3459C7-B486-4FC4-9A66-D01F3C16D390}.Release|Any CPU.Build.0 = Release|Any CPU
	EndGlobalSection
	GlobalSection(SolutionProperties) = preSolution
		HideSolutionNode = FALSE
	EndGlobalSection
	GlobalSection(ExtensibilityGlobals) = postSolution
		SolutionGuid = {61B526CC-8AEA-4620-BC5A-5C8D107E844C}
	EndGlobalSection
EndGlobal
